
Microsoft Visual Studio Solution File, Format Version 12.00
# Visual Studio Version 17
VisualStudioVersion = 17.8.34525.116
MinimumVisualStudioVersion = 10.0.40219.1
Project("{FAE04EC0-301F-11D3-BF4B-00C04F79EFBC}") = "WebApi", "WebApi\WebApi.csproj", "{15DC4498-A2ED-42DD-9A07-2EEEF96043CE}"
EndProject
Project("{FAE04EC0-301F-11D3-BF4B-00C04F79EFBC}") = "Client", "Client\Client.csproj", "{7B49C5A4-DA4F-4BE9-AF84-E8BD3966029D}"
EndProject
Global
	GlobalSection(SolutionConfigurationPlatforms) = preSolution
		Debug|Any CPU = Debug|Any CPU
		Release|Any CPU = Release|Any CPU
	EndGlobalSection
	GlobalSection(ProjectConfigurationPlatforms) = postSolution
		{15DC4498-A2ED-42DD-9A07-2EEEF96043CE}.Debug|Any CPU.ActiveCfg = Debug|Any CPU
		{15DC4498-A2ED-42DD-9A07-2EEEF96043CE}.Debug|Any CPU.Build.0 = Debug|Any CPU
		{15DC4498-A2ED-42DD-9A07-2EEEF96043CE}.Release|Any CPU.ActiveCfg = Release|Any CPU
		{15DC4498-A2ED-42DD-9A07-2EEEF96043CE}.Release|Any CPU.Build.0 = Release|Any CPU
		{7B49C5A4-DA4F-4BE9-AF84-E8BD3966029D}.Debug|Any CPU.ActiveCfg = Debug|Any CPU
		{7B49C5A4-DA4F-4BE9-AF84-E8BD3966029D}.Debug|Any CPU.Build.0 = Debug|Any CPU
		{7B49C5A4-DA4F-4BE9-AF84-E8BD3966029D}.Release|Any CPU.ActiveCfg = Release|Any CPU
		{7B49C5A4-DA4F-4BE9-AF84-E8BD3966029D}.Release|Any CPU.Build.0 = Release|Any CPU
	EndGlobalSection
	GlobalSection(SolutionProperties) = preSolution
		HideSolutionNode = FALSE
	EndGlobalSection
	GlobalSection(ExtensibilityGlobals) = postSolution
		SolutionGuid = {74A76188-4457-438D-A8B9-D23933988C9F}
	EndGlobalSection
EndGlobal
